
Microsoft Visual Studio Solution File, Format Version 12.00
# Visual Studio Version 17
VisualStudioVersion = 17.12.35514.174 d17.12
MinimumVisualStudioVersion = 10.0.40219.1
Project("{FAE04EC0-301F-11D3-BF4B-00C04F79EFBC}") = "TaxCalculator.Server", "TaxCalculator.Server\TaxCalculator.Server.csproj", "{18E426F8-A428-4992-B9D8-4B09D0DE86BE}"
EndProject
Project("{54A90642-561A-4BB1-A94E-469ADEE60C69}") = "taxcalculator.client", "taxcalculator.client\taxcalculator.client.esproj", "{DFF6288A-B17D-4FCA-909E-A7A0D5CD4174}"
EndProject
Project("{FAE04EC0-301F-11D3-BF4B-00C04F79EFBC}") = "TaxCalculatorAPITests", "TaxCalculatorAPITests\TaxCalculatorAPITests.csproj", "{A8B736C3-D35C-40F0-B2F7-B24537E031A4}"
EndProject
Global
	GlobalSection(SolutionConfigurationPlatforms) = preSolution
		Debug|Any CPU = Debug|Any CPU
		Release|Any CPU = Release|Any CPU
	EndGlobalSection
	GlobalSection(ProjectConfigurationPlatforms) = postSolution
		{18E426F8-A428-4992-B9D8-4B09D0DE86BE}.Debug|Any CPU.ActiveCfg = Debug|Any CPU
		{18E426F8-A428-4992-B9D8-4B09D0DE86BE}.Debug|Any CPU.Build.0 = Debug|Any CPU
		{18E426F8-A428-4992-B9D8-4B09D0DE86BE}.Release|Any CPU.ActiveCfg = Release|Any CPU
		{18E426F8-A428-4992-B9D8-4B09D0DE86BE}.Release|Any CPU.Build.0 = Release|Any CPU
		{DFF6288A-B17D-4FCA-909E-A7A0D5CD4174}.Debug|Any CPU.ActiveCfg = Debug|Any CPU
		{DFF6288A-B17D-4FCA-909E-A7A0D5CD4174}.Debug|Any CPU.Build.0 = Debug|Any CPU
		{DFF6288A-B17D-4FCA-909E-A7A0D5CD4174}.Debug|Any CPU.Deploy.0 = Debug|Any CPU
		{DFF6288A-B17D-4FCA-909E-A7A0D5CD4174}.Release|Any CPU.ActiveCfg = Release|Any CPU
		{DFF6288A-B17D-4FCA-909E-A7A0D5CD4174}.Release|Any CPU.Build.0 = Release|Any CPU
		{DFF6288A-B17D-4FCA-909E-A7A0D5CD4174}.Release|Any CPU.Deploy.0 = Release|Any CPU
		{A8B736C3-D35C-40F0-B2F7-B24537E031A4}.Debug|Any CPU.ActiveCfg = Debug|Any CPU
		{A8B736C3-D35C-40F0-B2F7-B24537E031A4}.Debug|Any CPU.Build.0 = Debug|Any CPU
		{A8B736C3-D35C-40F0-B2F7-B24537E031A4}.Release|Any CPU.ActiveCfg = Release|Any CPU
		{A8B736C3-D35C-40F0-B2F7-B24537E031A4}.Release|Any CPU.Build.0 = Release|Any CPU
	EndGlobalSection
	GlobalSection(SolutionProperties) = preSolution
		HideSolutionNode = FALSE
	EndGlobalSection
EndGlobal
